
Microsoft Visual Studio Solution File, Format Version 12.00
# Visual Studio 15
Project("{FAE04EC0-301F-11D3-BF4B-00C04F79EFBC}") = "survival shooter", "survival shooter.csproj", "{7176FB06-96BA-6E0E-DB1E-01361A404EB5}"
EndProject
Project("{FAE04EC0-301F-11D3-BF4B-00C04F79EFBC}") = "survival shooter.Editor", "survival shooter.Editor.csproj", "{F450B1A1-BDCB-A541-6414-09321DFC780B}"
EndProject
Global
	GlobalSection(SolutionConfigurationPlatforms) = preSolution
		Debug|Any CPU = Debug|Any CPU
		Release|Any CPU = Release|Any CPU
	EndGlobalSection
	GlobalSection(ProjectConfigurationPlatforms) = postSolution
		{7176FB06-96BA-6E0E-DB1E-01361A404EB5}.Debug|Any CPU.ActiveCfg = Debug|Any CPU
		{7176FB06-96BA-6E0E-DB1E-01361A404EB5}.Debug|Any CPU.Build.0 = Debug|Any CPU
		{7176FB06-96BA-6E0E-DB1E-01361A404EB5}.Release|Any CPU.ActiveCfg = Release|Any CPU
		{7176FB06-96BA-6E0E-DB1E-01361A404EB5}.Release|Any CPU.Build.0 = Release|Any CPU
		{F450B1A1-BDCB-A541-6414-09321DFC780B}.Debug|Any CPU.ActiveCfg = Debug|Any CPU
		{F450B1A1-BDCB-A541-6414-09321DFC780B}.Debug|Any CPU.Build.0 = Debug|Any CPU
		{F450B1A1-BDCB-A541-6414-09321DFC780B}.Release|Any CPU.ActiveCfg = Release|Any CPU
		{F450B1A1-BDCB-A541-6414-09321DFC780B}.Release|Any CPU.Build.0 = Release|Any CPU
	EndGlobalSection
	GlobalSection(SolutionProperties) = preSolution
		HideSolutionNode = FALSE
	EndGlobalSection
EndGlobal
